
Microsoft Visual Studio Solution File, Format Version 12.00
# Visual Studio 15
VisualStudioVersion = 15.0.28307.757
MinimumVisualStudioVersion = 10.0.40219.1
Project("{FAE04EC0-301F-11D3-BF4B-00C04F79EFBC}") = "ARM_Builder_V6", "ARM_Builder_V6\ARM_Builder_V6.csproj", "{C3AE1AA9-C6FE-4E51-919C-923BCDB3F67B}"
EndProject
Global
	GlobalSection(SolutionConfigurationPlatforms) = preSolution
		Debug|Any CPU = Debug|Any CPU
		Release|Any CPU = Release|Any CPU
	EndGlobalSection
	GlobalSection(ProjectConfigurationPlatforms) = postSolution
		{C3AE1AA9-C6FE-4E51-919C-923BCDB3F67B}.Debug|Any CPU.ActiveCfg = Debug|Any CPU
		{C3AE1AA9-C6FE-4E51-919C-923BCDB3F67B}.Debug|Any CPU.Build.0 = Debug|Any CPU
		{C3AE1AA9-C6FE-4E51-919C-923BCDB3F67B}.Release|Any CPU.ActiveCfg = Release|Any CPU
		{C3AE1AA9-C6FE-4E51-919C-923BCDB3F67B}.Release|Any CPU.Build.0 = Release|Any CPU
	EndGlobalSection
	GlobalSection(SolutionProperties) = preSolution
		HideSolutionNode = FALSE
	EndGlobalSection
	GlobalSection(ExtensibilityGlobals) = postSolution
		SolutionGuid = {E8ECBD3F-FDFE-4D1B-A041-137DC8A52C77}
	EndGlobalSection
EndGlobal
